
Microsoft Visual Studio Solution File, Format Version 12.00
# Visual Studio Version 16
VisualStudioVersion = 16.0.28803.202
MinimumVisualStudioVersion = 10.0.40219.1
Project("{FAE04EC0-301F-11D3-BF4B-00C04F79EFBC}") = "BattleshipLiteLibrary", "BattleshipLiteLibrary\BattleshipLiteLibrary.csproj", "{0F661DA3-0BBD-4ACA-AC5A-9B46E6CB2D0B}"
EndProject
Project("{FAE04EC0-301F-11D3-BF4B-00C04F79EFBC}") = "BattleShipLite", "BattleShipLite\BattleShipLite.csproj", "{BBD4A39F-C3CE-4BED-8B1A-C7891090125E}"
EndProject
Global
	GlobalSection(SolutionConfigurationPlatforms) = preSolution
		Debug|Any CPU = Debug|Any CPU
		Release|Any CPU = Release|Any CPU
	EndGlobalSection
	GlobalSection(ProjectConfigurationPlatforms) = postSolution
		{0F661DA3-0BBD-4ACA-AC5A-9B46E6CB2D0B}.Debug|Any CPU.ActiveCfg = Debug|Any CPU
		{0F661DA3-0BBD-4ACA-AC5A-9B46E6CB2D0B}.Debug|Any CPU.Build.0 = Debug|Any CPU
		{0F661DA3-0BBD-4ACA-AC5A-9B46E6CB2D0B}.Release|Any CPU.ActiveCfg = Release|Any CPU
		{0F661DA3-0BBD-4ACA-AC5A-9B46E6CB2D0B}.Release|Any CPU.Build.0 = Release|Any CPU
		{BBD4A39F-C3CE-4BED-8B1A-C7891090125E}.Debug|Any CPU.ActiveCfg = Debug|Any CPU
		{BBD4A39F-C3CE-4BED-8B1A-C7891090125E}.Debug|Any CPU.Build.0 = Debug|Any CPU
		{BBD4A39F-C3CE-4BED-8B1A-C7891090125E}.Release|Any CPU.ActiveCfg = Release|Any CPU
		{BBD4A39F-C3CE-4BED-8B1A-C7891090125E}.Release|Any CPU.Build.0 = Release|Any CPU
	EndGlobalSection
	GlobalSection(SolutionProperties) = preSolution
		HideSolutionNode = FALSE
	EndGlobalSection
	GlobalSection(ExtensibilityGlobals) = postSolution
		SolutionGuid = {DCCD5B6C-603D-4FD0-BB78-0871BCF65755}
	EndGlobalSection
EndGlobal
